
Microsoft Visual Studio Solution File, Format Version 12.00
# Visual Studio Version 17
VisualStudioVersion = 17.11.35312.102
MinimumVisualStudioVersion = 10.0.40219.1
Project("{FAE04EC0-301F-11D3-BF4B-00C04F79EFBC}") = "BlueSkySystem", "BlueSkySystem\BlueSkySystem.csproj", "{D4CC4477-0079-4E72-A090-8A90858F7555}"
EndProject
Global
	GlobalSection(SolutionConfigurationPlatforms) = preSolution
		Debug|Any CPU = Debug|Any CPU
		Release|Any CPU = Release|Any CPU
	EndGlobalSection
	GlobalSection(ProjectConfigurationPlatforms) = postSolution
		{D4CC4477-0079-4E72-A090-8A90858F7555}.Debug|Any CPU.ActiveCfg = Debug|Any CPU
		{D4CC4477-0079-4E72-A090-8A90858F7555}.Debug|Any CPU.Build.0 = Debug|Any CPU
		{D4CC4477-0079-4E72-A090-8A90858F7555}.Release|Any CPU.ActiveCfg = Release|Any CPU
		{D4CC4477-0079-4E72-A090-8A90858F7555}.Release|Any CPU.Build.0 = Release|Any CPU
	EndGlobalSection
	GlobalSection(SolutionProperties) = preSolution
		HideSolutionNode = FALSE
	EndGlobalSection
	GlobalSection(ExtensibilityGlobals) = postSolution
		SolutionGuid = {E7CFA101-FFCC-4E7B-B204-2F7C0B129E78}
	EndGlobalSection
EndGlobal
